
Microsoft Visual Studio Solution File, Format Version 12.00
# Visual Studio Version 16
VisualStudioVersion = 16.0.809.10
MinimumVisualStudioVersion = 10.0.40219.1
Project("{FAE04EC0-301F-11D3-BF4B-00C04F79EFBC}") = "ElahnAirConsoleApplication", "ElahnAirConsoleApplication.csproj", "{B2780941-CAED-46C1-9D56-DA457D659C23}"
EndProject
Global
	GlobalSection(SolutionConfigurationPlatforms) = preSolution
		Debug|Any CPU = Debug|Any CPU
		Release|Any CPU = Release|Any CPU
	EndGlobalSection
	GlobalSection(ProjectConfigurationPlatforms) = postSolution
		{B2780941-CAED-46C1-9D56-DA457D659C23}.Debug|Any CPU.ActiveCfg = Debug|Any CPU
		{B2780941-CAED-46C1-9D56-DA457D659C23}.Debug|Any CPU.Build.0 = Debug|Any CPU
		{B2780941-CAED-46C1-9D56-DA457D659C23}.Release|Any CPU.ActiveCfg = Release|Any CPU
		{B2780941-CAED-46C1-9D56-DA457D659C23}.Release|Any CPU.Build.0 = Release|Any CPU
	EndGlobalSection
	GlobalSection(SolutionProperties) = preSolution
		HideSolutionNode = FALSE
	EndGlobalSection
	GlobalSection(ExtensibilityGlobals) = postSolution
		SolutionGuid = {D0D3C3A7-0F08-4144-8DB8-407EE77BF799}
	EndGlobalSection
EndGlobal
